// !$*UTF8*$!
{
	archiveVersion = 1;
	classes = {
	};
	objectVersion = 51;
	objects = {

/* Begin PBXBuildFile section */
		4D023946248CE12A00954D89 /* SignUpViewController.swift in Sources */ = {isa = PBXBuildFile; fileRef = 4D023945248CE12A00954D89 /* SignUpViewController.swift */; };
		4D10C5662484C1A100450A18 /* AppDelegate.swift in Sources */ = {isa = PBXBuildFile; fileRef = 4D10C5652484C1A100450A18 /* AppDelegate.swift */; };
		4D10C5682484C1A100450A18 /* SceneDelegate.swift in Sources */ = {isa = PBXBuildFile; fileRef = 4D10C5672484C1A100450A18 /* SceneDelegate.swift */; };
		4D10C56A2484C1A100450A18 /* ViewController.swift in Sources */ = {isa = PBXBuildFile; fileRef = 4D10C5692484C1A100450A18 /* ViewController.swift */; };
		4D10C56D2484C1A100450A18 /* Main.storyboard in Resources */ = {isa = PBXBuildFile; fileRef = 4D10C56B2484C1A100450A18 /* Main.storyboard */; };
		4D10C56F2484C1A200450A18 /* Assets.xcassets in Resources */ = {isa = PBXBuildFile; fileRef = 4D10C56E2484C1A200450A18 /* Assets.xcassets */; };
		4D10C5722484C1A200450A18 /* LaunchScreen.storyboard in Resources */ = {isa = PBXBuildFile; fileRef = 4D10C5702484C1A200450A18 /* LaunchScreen.storyboard */; };
		4D16D56B249CED0F005D32A9 /* AccountViewController.swift in Sources */ = {isa = PBXBuildFile; fileRef = 4D16D56A249CED0F005D32A9 /* AccountViewController.swift */; };
		4D1766C3248EB47D003D47A5 /* FriendsViewController.swift in Sources */ = {isa = PBXBuildFile; fileRef = 4D1766C2248EB47D003D47A5 /* FriendsViewController.swift */; };
		4D195622248B306C007327D8 /* RemoteConfigDefaults.plist in Resources */ = {isa = PBXBuildFile; fileRef = 4D195621248B306C007327D8 /* RemoteConfigDefaults.plist */; };
		4D195624248B54D1007327D8 /* SignInViewController.swift in Sources */ = {isa = PBXBuildFile; fileRef = 4D195623248B54D1007327D8 /* SignInViewController.swift */; };
		4D2A210C248A14A9005536BA /* GoogleService-Info.plist in Resources */ = {isa = PBXBuildFile; fileRef = 4D2A210B248A14A9005536BA /* GoogleService-Info.plist */; };
		4D2C7DCC24A84421003DCAE2 /* SelectFriendViewController.swift in Sources */ = {isa = PBXBuildFile; fileRef = 4D2C7DCB24A84421003DCAE2 /* SelectFriendViewController.swift */; };
		4D2FDF6D249B0EE300A04D5C /* ChatsViewController.swift in Sources */ = {isa = PBXBuildFile; fileRef = 4D2FDF6C249B0EE300A04D5C /* ChatsViewController.swift */; };
		4D364D9424A4DE8600CC662D /* NotificationModel.swift in Sources */ = {isa = PBXBuildFile; fileRef = 4D364D9324A4DE8600CC662D /* NotificationModel.swift */; };
		4DC656E024A8C5A600E5C040 /* GroupChatroomViewController.swift in Sources */ = {isa = PBXBuildFile; fileRef = 4DC656DF24A8C5A600E5C040 /* GroupChatroomViewController.swift */; };
		4DCF8891248FABF5000DB15F /* UserModel.swift in Sources */ = {isa = PBXBuildFile; fileRef = 4DCF8890248FABF5000DB15F /* UserModel.swift */; };
		4DEB24DC2490461D0006F930 /* ChatroomViewController.swift in Sources */ = {isa = PBXBuildFile; fileRef = 4DEB24DB2490461D0006F930 /* ChatroomViewController.swift */; };
		4DEB24DF249047BC0006F930 /* ChatModel.swift in Sources */ = {isa = PBXBuildFile; fileRef = 4DEB24DE249047BC0006F930 /* ChatModel.swift */; };
		E0E5CC30C7A2FBF6C07E8961 /* Pods_KaKaoTalkCopy.framework in Frameworks */ = {isa = PBXBuildFile; fileRef = D97EA131F920958A093F8E9A /* Pods_KaKaoTalkCopy.framework */; };
/* End PBXBuildFile section */

/* Begin PBXFileReference section */
		05F3A32DA11FF3BD6E90F6D9 /* Pods-KaKaoTalkCopy.release.xcconfig */ = {isa = PBXFileReference; includeInIndex = 1; lastKnownFileType = text.xcconfig; name = "Pods-KaKaoTalkCopy.release.xcconfig"; path = "Target Support Files/Pods-KaKaoTalkCopy/Pods-KaKaoTalkCopy.release.xcconfig"; sourceTree = "<group>"; };
		1580267A034C7CCE0C4AC383 /* Pods-KaKaoTalkCopy.debug.xcconfig */ = {isa = PBXFileReference; includeInIndex = 1; lastKnownFileType = text.xcconfig; name = "Pods-KaKaoTalkCopy.debug.xcconfig"; path = "Target Support Files/Pods-KaKaoTalkCopy/Pods-KaKaoTalkCopy.debug.xcconfig"; sourceTree = "<group>"; };
		4D01925024A441FC00E4CA89 /* KaKaoTalkCopyRelease.entitlements */ = {isa = PBXFileReference; lastKnownFileType = text.plist.entitlements; path = KaKaoTalkCopyRelease.entitlements; sourceTree = "<group>"; };
		4D023945248CE12A00954D89 /* SignUpViewController.swift */ = {isa = PBXFileReference; lastKnownFileType = sourcecode.swift; path = SignUpViewController.swift; sourceTree = "<group>"; };
		4D10C5622484C1A100450A18 /* KaKaoTalkCopy.app */ = {isa = PBXFileReference; explicitFileType = wrapper.application; includeInIndex = 0; path = KaKaoTalkCopy.app; sourceTree = BUILT_PRODUCTS_DIR; };
		4D10C5652484C1A100450A18 /* AppDelegate.swift */ = {isa = PBXFileReference; lastKnownFileType = sourcecode.swift; path = AppDelegate.swift; sourceTree = "<group>"; };
		4D10C5672484C1A100450A18 /* SceneDelegate.swift */ = {isa = PBXFileReference; lastKnownFileType = sourcecode.swift; path = SceneDelegate.swift; sourceTree = "<group>"; };
		4D10C5692484C1A100450A18 /* ViewController.swift */ = {isa = PBXFileReference; lastKnownFileType = sourcecode.swift; path = ViewController.swift; sourceTree = "<group>"; };
		4D10C56C2484C1A100450A18 /* Base */ = {isa = PBXFileReference; lastKnownFileType = file.storyboard; name = Base; path = Base.lproj/Main.storyboard; sourceTree = "<group>"; };
		4D10C56E2484C1A200450A18 /* Assets.xcassets */ = {isa = PBXFileReference; lastKnownFileType = folder.assetcatalog; path = Assets.xcassets; sourceTree = "<group>"; };
		4D10C5712484C1A200450A18 /* Base */ = {isa = PBXFileReference; lastKnownFileType = file.storyboard; name = Base; path = Base.lproj/LaunchScreen.storyboard; sourceTree = "<group>"; };
		4D10C5732484C1A200450A18 /* Info.plist */ = {isa = PBXFileReference; lastKnownFileType = text.plist.xml; path = Info.plist; sourceTree = "<group>"; };
		4D16D56A249CED0F005D32A9 /* AccountViewController.swift */ = {isa = PBXFileReference; lastKnownFileType = sourcecode.swift; path = AccountViewController.swift; sourceTree = "<group>"; };
		4D1766C2248EB47D003D47A5 /* FriendsViewController.swift */ = {isa = PBXFileReference; lastKnownFileType = sourcecode.swift; path = FriendsViewController.swift; sourceTree = "<group>"; };
		4D195621248B306C007327D8 /* RemoteConfigDefaults.plist */ = {isa = PBXFileReference; lastKnownFileType = text.plist.xml; path = RemoteConfigDefaults.plist; sourceTree = "<group>"; };
		4D195623248B54D1007327D8 /* SignInViewController.swift */ = {isa = PBXFileReference; lastKnownFileType = sourcecode.swift; path = SignInViewController.swift; sourceTree = "<group>"; };
		4D2A210B248A14A9005536BA /* GoogleService-Info.plist */ = {isa = PBXFileReference; fileEncoding = 4; lastKnownFileType = text.plist.xml; name = "GoogleService-Info.plist"; path = "../../../../../Downloads/GoogleService-Info.plist"; sourceTree = "<group>"; };
		4D2C7DCA24A838D1003DCAE2 /* BEMCheckBox.h */ = {isa = PBXFileReference; lastKnownFileType = sourcecode.c.h; path = BEMCheckBox.h; sourceTree = "<group>"; };
		4D2C7DCB24A84421003DCAE2 /* SelectFriendViewController.swift */ = {isa = PBXFileReference; lastKnownFileType = sourcecode.swift; path = SelectFriendViewController.swift; sourceTree = "<group>"; };
		4D2FDF6C249B0EE300A04D5C /* ChatsViewController.swift */ = {isa = PBXFileReference; lastKnownFileType = sourcecode.swift; path = ChatsViewController.swift; sourceTree = "<group>"; };
		4D364D9324A4DE8600CC662D /* NotificationModel.swift */ = {isa = PBXFileReference; lastKnownFileType = sourcecode.swift; path = NotificationModel.swift; sourceTree = "<group>"; };
		4DC656DF24A8C5A600E5C040 /* GroupChatroomViewController.swift */ = {isa = PBXFileReference; lastKnownFileType = sourcecode.swift; path = GroupChatroomViewController.swift; sourceTree = "<group>"; };
		4DCF888E248FA9AA000DB15F /* WebKit.framework */ = {isa = PBXFileReference; lastKnownFileType = wrapper.framework; name = WebKit.framework; path = System/Library/Frameworks/WebKit.framework; sourceTree = SDKROOT; };
		4DCF8890248FABF5000DB15F /* UserModel.swift */ = {isa = PBXFileReference; lastKnownFileType = sourcecode.swift; path = UserModel.swift; sourceTree = "<group>"; };
		4DEB24DB2490461D0006F930 /* ChatroomViewController.swift */ = {isa = PBXFileReference; lastKnownFileType = sourcecode.swift; path = ChatroomViewController.swift; sourceTree = "<group>"; };
		4DEB24DE249047BC0006F930 /* ChatModel.swift */ = {isa = PBXFileReference; lastKnownFileType = sourcecode.swift; path = ChatModel.swift; sourceTree = "<group>"; };
		D97EA131F920958A093F8E9A /* Pods_KaKaoTalkCopy.framework */ = {isa = PBXFileReference; explicitFileType = wrapper.framework; includeInIndex = 0; path = Pods_KaKaoTalkCopy.framework; sourceTree = BUILT_PRODUCTS_DIR; };
/* End PBXFileReference section */

/* Begin PBXFrameworksBuildPhase section */
		4D10C55F2484C1A100450A18 /* Frameworks */ = {
			isa = PBXFrameworksBuildPhase;
			buildActionMask = 2147483647;
			files = (
				E0E5CC30C7A2FBF6C07E8961 /* Pods_KaKaoTalkCopy.framework in Frameworks */,
			);
			runOnlyForDeploymentPostprocessing = 0;
		};
/* End PBXFrameworksBuildPhase section */

/* Begin PBXGroup section */
		4D10C5592484C1A100450A18 = {
			isa = PBXGroup;
			children = (
				4D10C5642484C1A100450A18 /* KaKaoTalkCopy */,
				4D10C5632484C1A100450A18 /* Products */,
				9074FB1F22A12005FD25D399 /* Pods */,
				7E1F23EDA4FCF0BE2507A18E /* Frameworks */,
			);
			sourceTree = "<group>";
		};
		4D10C5632484C1A100450A18 /* Products */ = {
			isa = PBXGroup;
			children = (
				4D10C5622484C1A100450A18 /* KaKaoTalkCopy.app */,
			);
			name = Products;
			sourceTree = "<group>";
		};
		4D10C5642484C1A100450A18 /* KaKaoTalkCopy */ = {
			isa = PBXGroup;
			children = (
				4D01925024A441FC00E4CA89 /* KaKaoTalkCopyRelease.entitlements */,
				4D2FDF6B249B01EB00A04D5C /* TabBar */,
				4DEB24DD2490478C0006F930 /* Model */,
				4D2A210B248A14A9005536BA /* GoogleService-Info.plist */,
				4D10C5652484C1A100450A18 /* AppDelegate.swift */,
				4D10C5672484C1A100450A18 /* SceneDelegate.swift */,
				4D10C5692484C1A100450A18 /* ViewController.swift */,
				4D10C56B2484C1A100450A18 /* Main.storyboard */,
				4D10C56E2484C1A200450A18 /* Assets.xcassets */,
				4D10C5702484C1A200450A18 /* LaunchScreen.storyboard */,
				4D10C5732484C1A200450A18 /* Info.plist */,
				4D195621248B306C007327D8 /* RemoteConfigDefaults.plist */,
				4D195623248B54D1007327D8 /* SignInViewController.swift */,
				4D023945248CE12A00954D89 /* SignUpViewController.swift */,
				4DEB24DB2490461D0006F930 /* ChatroomViewController.swift */,
				4D2C7DCA24A838D1003DCAE2 /* BEMCheckBox.h */,
			);
			path = KaKaoTalkCopy;
			sourceTree = "<group>";
		};
		4D2FDF6B249B01EB00A04D5C /* TabBar */ = {
			isa = PBXGroup;
			children = (
				4D1766C2248EB47D003D47A5 /* FriendsViewController.swift */,
				4D2FDF6C249B0EE300A04D5C /* ChatsViewController.swift */,
				4D16D56A249CED0F005D32A9 /* AccountViewController.swift */,
				4D2C7DCB24A84421003DCAE2 /* SelectFriendViewController.swift */,
				4DC656DF24A8C5A600E5C040 /* GroupChatroomViewController.swift */,
			);
			path = TabBar;
			sourceTree = "<group>";
		};
		4DEB24DD2490478C0006F930 /* Model */ = {
			isa = PBXGroup;
			children = (
				4DCF8890248FABF5000DB15F /* UserModel.swift */,
				4DEB24DE249047BC0006F930 /* ChatModel.swift */,
				4D364D9324A4DE8600CC662D /* NotificationModel.swift */,
			);
			path = Model;
			sourceTree = "<group>";
		};
		7E1F23EDA4FCF0BE2507A18E /* Frameworks */ = {
			isa = PBXGroup;
			children = (
				4DCF888E248FA9AA000DB15F /* WebKit.framework */,
				D97EA131F920958A093F8E9A /* Pods_KaKaoTalkCopy.framework */,
			);
			name = Frameworks;
			sourceTree = "<group>";
		};
		9074FB1F22A12005FD25D399 /* Pods */ = {
			isa = PBXGroup;
			children = (
				1580267A034C7CCE0C4AC383 /* Pods-KaKaoTalkCopy.debug.xcconfig */,
				05F3A32DA11FF3BD6E90F6D9 /* Pods-KaKaoTalkCopy.release.xcconfig */,
			);
			path = Pods;
			sourceTree = "<group>";
		};
/* End PBXGroup section */

/* Begin PBXNativeTarget section */
		4D10C5612484C1A100450A18 /* KaKaoTalkCopy */ = {
			isa = PBXNativeTarget;
			buildConfigurationList = 4D10C5762484C1A200450A18 /* Build configuration list for PBXNativeTarget "KaKaoTalkCopy" */;
			buildPhases = (
				9D0278E05565FB7BD32C054A /* [CP] Check Pods Manifest.lock */,
				4D10C55E2484C1A100450A18 /* Sources */,
				4D10C55F2484C1A100450A18 /* Frameworks */,
				4D10C5602484C1A100450A18 /* Resources */,
				B3336092F21F701165FD8FA7 /* [CP] Embed Pods Frameworks */,
			);
			buildRules = (
			);
			dependencies = (
			);
			name = KaKaoTalkCopy;
			productName = KaKaoTalkCopy;
			productReference = 4D10C5622484C1A100450A18 /* KaKaoTalkCopy.app */;
			productType = "com.apple.product-type.application";
		};
/* End PBXNativeTarget section */

/* Begin PBXProject section */
		4D10C55A2484C1A100450A18 /* Project object */ = {
			isa = PBXProject;
			attributes = {
				LastSwiftUpdateCheck = 1150;
				LastUpgradeCheck = 1150;
				ORGANIZATIONNAME = Alphachip;
				TargetAttributes = {
					4D10C5612484C1A100450A18 = {
						CreatedOnToolsVersion = 11.5;
					};
				};
			};
			buildConfigurationList = 4D10C55D2484C1A100450A18 /* Build configuration list for PBXProject "KaKaoTalkCopy" */;
			compatibilityVersion = "Xcode 9.3";
			developmentRegion = en;
			hasScannedForEncodings = 0;
			knownRegions = (
				en,
				Base,
			);
			mainGroup = 4D10C5592484C1A100450A18;
			productRefGroup = 4D10C5632484C1A100450A18 /* Products */;
			projectDirPath = "";
			projectRoot = "";
			targets = (
				4D10C5612484C1A100450A18 /* KaKaoTalkCopy */,
			);
		};
/* End PBXProject section */

/* Begin PBXResourcesBuildPhase section */
		4D10C5602484C1A100450A18 /* Resources */ = {
			isa = PBXResourcesBuildPhase;
			buildActionMask = 2147483647;
			files = (
				4D10C5722484C1A200450A18 /* LaunchScreen.storyboard in Resources */,
				4D195622248B306C007327D8 /* RemoteConfigDefaults.plist in Resources */,
				4D2A210C248A14A9005536BA /* GoogleService-Info.plist in Resources */,
				4D10C56F2484C1A200450A18 /* Assets.xcassets in Resources */,
				4D10C56D2484C1A100450A18 /* Main.storyboard in Resources */,
			);
			runOnlyForDeploymentPostprocessing = 0;
		};
/* End PBXResourcesBuildPhase section */

/* Begin PBXShellScriptBuildPhase section */
		9D0278E05565FB7BD32C054A /* [CP] Check Pods Manifest.lock */ = {
			isa = PBXShellScriptBuildPhase;
			buildActionMask = 2147483647;
			files = (
			);
			inputFileListPaths = (
			);
			inputPaths = (
				"${PODS_PODFILE_DIR_PATH}/Podfile.lock",
				"${PODS_ROOT}/Manifest.lock",
			);
			name = "[CP] Check Pods Manifest.lock";
			outputFileListPaths = (
			);
			outputPaths = (
				"$(DERIVED_FILE_DIR)/Pods-KaKaoTalkCopy-checkManifestLockResult.txt",
			);
			runOnlyForDeploymentPostprocessing = 0;
			shellPath = /bin/sh;
			shellScript = "diff \"${PODS_PODFILE_DIR_PATH}/Podfile.lock\" \"${PODS_ROOT}/Manifest.lock\" > /dev/null\nif [ $? != 0 ] ; then\n    # print error to STDERR\n    echo \"error: The sandbox is not in sync with the Podfile.lock. Run 'pod install' or update your CocoaPods installation.\" >&2\n    exit 1\nfi\n# This output is used by Xcode 'outputs' to avoid re-running this script phase.\necho \"SUCCESS\" > \"${SCRIPT_OUTPUT_FILE_0}\"\n";
			showEnvVarsInLog = 0;
		};
		B3336092F21F701165FD8FA7 /* [CP] Embed Pods Frameworks */ = {
			isa = PBXShellScriptBuildPhase;
			buildActionMask = 2147483647;
			files = (
			);
			inputFileListPaths = (
				"${PODS_ROOT}/Target Support Files/Pods-KaKaoTalkCopy/Pods-KaKaoTalkCopy-frameworks-${CONFIGURATION}-input-files.xcfilelist",
			);
			name = "[CP] Embed Pods Frameworks";
			outputFileListPaths = (
				"${PODS_ROOT}/Target Support Files/Pods-KaKaoTalkCopy/Pods-KaKaoTalkCopy-frameworks-${CONFIGURATION}-output-files.xcfilelist",
			);
			runOnlyForDeploymentPostprocessing = 0;
			shellPath = /bin/sh;
			shellScript = "\"${PODS_ROOT}/Target Support Files/Pods-KaKaoTalkCopy/Pods-KaKaoTalkCopy-frameworks.sh\"\n";
			showEnvVarsInLog = 0;
		};
/* End PBXShellScriptBuildPhase section */

/* Begin PBXSourcesBuildPhase section */
		4D10C55E2484C1A100450A18 /* Sources */ = {
			isa = PBXSourcesBuildPhase;
			buildActionMask = 2147483647;
			files = (
				4D195624248B54D1007327D8 /* SignInViewController.swift in Sources */,
				4DCF8891248FABF5000DB15F /* UserModel.swift in Sources */,
				4D2FDF6D249B0EE300A04D5C /* ChatsViewController.swift in Sources */,
				4D10C56A2484C1A100450A18 /* ViewController.swift in Sources */,
				4DEB24DC2490461D0006F930 /* ChatroomViewController.swift in Sources */,
				4DC656E024A8C5A600E5C040 /* GroupChatroomViewController.swift in Sources */,
				4D10C5662484C1A100450A18 /* AppDelegate.swift in Sources */,
				4D2C7DCC24A84421003DCAE2 /* SelectFriendViewController.swift in Sources */,
				4D364D9424A4DE8600CC662D /* NotificationModel.swift in Sources */,
				4D1766C3248EB47D003D47A5 /* FriendsViewController.swift in Sources */,
				4D10C5682484C1A100450A18 /* SceneDelegate.swift in Sources */,
				4D023946248CE12A00954D89 /* SignUpViewController.swift in Sources */,
				4DEB24DF249047BC0006F930 /* ChatModel.swift in Sources */,
				4D16D56B249CED0F005D32A9 /* AccountViewController.swift in Sources */,
			);
			runOnlyForDeploymentPostprocessing = 0;
		};
/* End PBXSourcesBuildPhase section */

/* Begin PBXVariantGroup section */
		4D10C56B2484C1A100450A18 /* Main.storyboard */ = {
			isa = PBXVariantGroup;
			children = (
				4D10C56C2484C1A100450A18 /* Base */,
			);
			name = Main.storyboard;
			sourceTree = "<group>";
		};
		4D10C5702484C1A200450A18 /* LaunchScreen.storyboard */ = {
			isa = PBXVariantGroup;
			children = (
				4D10C5712484C1A200450A18 /* Base */,
			);
			name = LaunchScreen.storyboard;
			sourceTree = "<group>";
		};
/* End PBXVariantGroup section */

/* Begin XCBuildConfiguration section */
		4D10C5742484C1A200450A18 /* Debug */ = {
			isa = XCBuildConfiguration;
			buildSettings = {
				ALWAYS_SEARCH_USER_PATHS = NO;
				CLANG_ANALYZER_NONNULL = YES;
				CLANG_ANALYZER_NUMBER_OBJECT_CONVERSION = YES_AGGRESSIVE;
				CLANG_CXX_LANGUAGE_STANDARD = "gnu++14";
				CLANG_CXX_LIBRARY = "libc++";
				CLANG_ENABLE_MODULES = YES;
				CLANG_ENABLE_OBJC_ARC = YES;
				CLANG_ENABLE_OBJC_WEAK = YES;
				CLANG_WARN_BLOCK_CAPTURE_AUTORELEASING = YES;
				CLANG_WARN_BOOL_CONVERSION = YES;
				CLANG_WARN_COMMA = YES;
				CLANG_WARN_CONSTANT_CONVERSION = YES;
				CLANG_WARN_DEPRECATED_OBJC_IMPLEMENTATIONS = YES;
				CLANG_WARN_DIRECT_OBJC_ISA_USAGE = YES_ERROR;
				CLANG_WARN_DOCUMENTATION_COMMENTS = YES;
				CLANG_WARN_EMPTY_BODY = YES;
				CLANG_WARN_ENUM_CONVERSION = YES;
				CLANG_WARN_INFINITE_RECURSION = YES;
				CLANG_WARN_INT_CONVERSION = YES;
				CLANG_WARN_NON_LITERAL_NULL_CONVERSION = YES;
				CLANG_WARN_OBJC_IMPLICIT_RETAIN_SELF = YES;
				CLANG_WARN_OBJC_LITERAL_CONVERSION = YES;
				CLANG_WARN_OBJC_ROOT_CLASS = YES_ERROR;
				CLANG_WARN_RANGE_LOOP_ANALYSIS = YES;
				CLANG_WARN_STRICT_PROTOTYPES = YES;
				CLANG_WARN_SUSPICIOUS_MOVE = YES;
				CLANG_WARN_UNGUARDED_AVAILABILITY = YES_AGGRESSIVE;
				CLANG_WARN_UNREACHABLE_CODE = YES;
				CLANG_WARN__DUPLICATE_METHOD_MATCH = YES;
				COPY_PHASE_STRIP = NO;
				DEBUG_INFORMATION_FORMAT = dwarf;
				ENABLE_STRICT_OBJC_MSGSEND = YES;
				ENABLE_TESTABILITY = YES;
				GCC_C_LANGUAGE_STANDARD = gnu11;
				GCC_DYNAMIC_NO_PIC = NO;
				GCC_NO_COMMON_BLOCKS = YES;
				GCC_OPTIMIZATION_LEVEL = 0;
				GCC_PREPROCESSOR_DEFINITIONS = (
					"DEBUG=1",
					"$(inherited)",
				);
				GCC_WARN_64_TO_32_BIT_CONVERSION = YES;
				GCC_WARN_ABOUT_RETURN_TYPE = YES_ERROR;
				GCC_WARN_UNDECLARED_SELECTOR = YES;
				GCC_WARN_UNINITIALIZED_AUTOS = YES_AGGRESSIVE;
				GCC_WARN_UNUSED_FUNCTION = YES;
				GCC_WARN_UNUSED_VARIABLE = YES;
				IPHONEOS_DEPLOYMENT_TARGET = 13.5;
				MTL_ENABLE_DEBUG_INFO = INCLUDE_SOURCE;
				MTL_FAST_MATH = YES;
				ONLY_ACTIVE_ARCH = YES;
				SDKROOT = iphoneos;
				SWIFT_ACTIVE_COMPILATION_CONDITIONS = DEBUG;
				SWIFT_OPTIMIZATION_LEVEL = "-Onone";
			};
			name = Debug;
		};
		4D10C5752484C1A200450A18 /* Release */ = {
			isa = XCBuildConfiguration;
			buildSettings = {
				ALWAYS_SEARCH_USER_PATHS = NO;
				CLANG_ANALYZER_NONNULL = YES;
				CLANG_ANALYZER_NUMBER_OBJECT_CONVERSION = YES_AGGRESSIVE;
				CLANG_CXX_LANGUAGE_STANDARD = "gnu++14";
				CLANG_CXX_LIBRARY = "libc++";
				CLANG_ENABLE_MODULES = YES;
				CLANG_ENABLE_OBJC_ARC = YES;
				CLANG_ENABLE_OBJC_WEAK = YES;
				CLANG_WARN_BLOCK_CAPTURE_AUTORELEASING = YES;
				CLANG_WARN_BOOL_CONVERSION = YES;
				CLANG_WARN_COMMA = YES;
				CLANG_WARN_CONSTANT_CONVERSION = YES;
				CLANG_WARN_DEPRECATED_OBJC_IMPLEMENTATIONS = YES;
				CLANG_WARN_DIRECT_OBJC_ISA_USAGE = YES_ERROR;
				CLANG_WARN_DOCUMENTATION_COMMENTS = YES;
				CLANG_WARN_EMPTY_BODY = YES;
				CLANG_WARN_ENUM_CONVERSION = YES;
				CLANG_WARN_INFINITE_RECURSION = YES;
				CLANG_WARN_INT_CONVERSION = YES;
				CLANG_WARN_NON_LITERAL_NULL_CONVERSION = YES;
				CLANG_WARN_OBJC_IMPLICIT_RETAIN_SELF = YES;
				CLANG_WARN_OBJC_LITERAL_CONVERSION = YES;
				CLANG_WARN_OBJC_ROOT_CLASS = YES_ERROR;
				CLANG_WARN_RANGE_LOOP_ANALYSIS = YES;
				CLANG_WARN_STRICT_PROTOTYPES = YES;
				CLANG_WARN_SUSPICIOUS_MOVE = YES;
				CLANG_WARN_UNGUARDED_AVAILABILITY = YES_AGGRESSIVE;
				CLANG_WARN_UNREACHABLE_CODE = YES;
				CLANG_WARN__DUPLICATE_METHOD_MATCH = YES;
				COPY_PHASE_STRIP = NO;
				DEBUG_INFORMATION_FORMAT = "dwarf-with-dsym";
				ENABLE_NS_ASSERTIONS = NO;
				ENABLE_STRICT_OBJC_MSGSEND = YES;
				GCC_C_LANGUAGE_STANDARD = gnu11;
				GCC_NO_COMMON_BLOCKS = YES;
				GCC_WARN_64_TO_32_BIT_CONVERSION = YES;
				GCC_WARN_ABOUT_RETURN_TYPE = YES_ERROR;
				GCC_WARN_UNDECLARED_SELECTOR = YES;
				GCC_WARN_UNINITIALIZED_AUTOS = YES_AGGRESSIVE;
				GCC_WARN_UNUSED_FUNCTION = YES;
				GCC_WARN_UNUSED_VARIABLE = YES;
				IPHONEOS_DEPLOYMENT_TARGET = 13.5;
				MTL_ENABLE_DEBUG_INFO = NO;
				MTL_FAST_MATH = YES;
				SDKROOT = iphoneos;
				SWIFT_COMPILATION_MODE = wholemodule;
				SWIFT_OPTIMIZATION_LEVEL = "-O";
				VALIDATE_PRODUCT = YES;
			};
			name = Release;
		};
		4D10C5772484C1A200450A18 /* Debug */ = {
			isa = XCBuildConfiguration;
			baseConfigurationReference = 1580267A034C7CCE0C4AC383 /* Pods-KaKaoTalkCopy.debug.xcconfig */;
			buildSettings = {
				ASSETCATALOG_COMPILER_APPICON_NAME = AppIcon;
				CODE_SIGN_STYLE = Automatic;
				DEVELOPMENT_TEAM = 43XF8A43V8;
				INFOPLIST_FILE = KaKaoTalkCopy/Info.plist;
				LD_RUNPATH_SEARCH_PATHS = (
					"$(inherited)",
					"@executable_path/Frameworks",
				);
				PRODUCT_BUNDLE_IDENTIFIER = com.icymunchhhiip.KaKaoTalkCopy;
				PRODUCT_NAME = "$(TARGET_NAME)";
				SWIFT_OBJC_BRIDGING_HEADER = KaKaoTalkCopy/BEMCheckBox.h;
				SWIFT_VERSION = 5.0;
				TARGETED_DEVICE_FAMILY = "1,2";
			};
			name = Debug;
		};
		4D10C5782484C1A200450A18 /* Release */ = {
			isa = XCBuildConfiguration;
			baseConfigurationReference = 05F3A32DA11FF3BD6E90F6D9 /* Pods-KaKaoTalkCopy.release.xcconfig */;
			buildSettings = {
				ASSETCATALOG_COMPILER_APPICON_NAME = AppIcon;
				CODE_SIGN_ENTITLEMENTS = KaKaoTalkCopy/KaKaoTalkCopyRelease.entitlements;
				CODE_SIGN_STYLE = Automatic;
				DEVELOPMENT_TEAM = 43XF8A43V8;
				INFOPLIST_FILE = KaKaoTalkCopy/Info.plist;
				LD_RUNPATH_SEARCH_PATHS = (
					"$(inherited)",
					"@executable_path/Frameworks",
				);
				PRODUCT_BUNDLE_IDENTIFIER = com.icymunchhhiip.KaKaoTalkCopy;
				PRODUCT_NAME = "$(TARGET_NAME)";
				SWIFT_OBJC_BRIDGING_HEADER = KaKaoTalkCopy/BEMCheckBox.h;
				SWIFT_VERSION = 5.0;
				TARGETED_DEVICE_FAMILY = "1,2";
			};
			name = Release;
		};
/* End XCBuildConfiguration section */

/* Begin XCConfigurationList section */
		4D10C55D2484C1A100450A18 /* Build configuration list for PBXProject "KaKaoTalkCopy" */ = {
			isa = XCConfigurationList;
			buildConfigurations = (
				4D10C5742484C1A200450A18 /* Debug */,
				4D10C5752484C1A200450A18 /* Release */,
			);
			defaultConfigurationIsVisible = 0;
			defaultConfigurationName = Release;
		};
		4D10C5762484C1A200450A18 /* Build configuration list for PBXNativeTarget "KaKaoTalkCopy" */ = {
			isa = XCConfigurationList;
			buildConfigurations = (
				4D10C5772484C1A200450A18 /* Debug */,
				4D10C5782484C1A200450A18 /* Release */,
			);
			defaultConfigurationIsVisible = 0;
			defaultConfigurationName = Release;
		};
/* End XCConfigurationList section */
	};
	rootObject = 4D10C55A2484C1A100450A18 /* Project object */;
}
